{
    "_readme": [
        "This file locks the dependencies of your project to a known state",
        "Read more about it at https://getcomposer.org/doc/01-basic-usage.md#composer-lock-the-lock-file",
        "This file is @generated automatically"
    ],
    "hash": "93cda22466cd533f2da77cc2a792948b",
    "content-hash": "18c02f628960dd844b8f9a0f32bef5d1",
    "packages": [
        {
            "name": "codeigniter/framework",
            "version": "3.1.2",
            "source": {
                "type": "git",
                "url": "https://github.com/bcit-ci/CodeIgniter.git",
                "reference": "2afa6b6b58a73fa26a7a93045ccb1fc8a087a141"
            },
            "dist": {
                "type": "zip",
                "url": "https://api.github.com/repos/bcit-ci/CodeIgniter/zipball/2afa6b6b58a73fa26a7a93045ccb1fc8a087a141",
                "reference": "2afa6b6b58a73fa26a7a93045ccb1fc8a087a141",
                "shasum": ""
            },
            "require": {
                "php": ">=5.2.4"
            },
            "require-dev": {
                "mikey179/vfsstream": "1.1.*"
            },
            "suggest": {
                "paragonie/random_compat": "Provides better randomness in PHP 5.x"
            },
            "type": "project",
            "notification-url": "https://packagist.org/downloads/",
            "license": [
                "MIT"
            ],
            "description": "The CodeIgniter framework",
            "homepage": "https://codeigniter.com",
            "time": "2016-10-28 15:13:14"
        },
        {
            "name": "components/jquery",
            "version": "3.1.1",
            "source": {
                "type": "git",
                "url": "https://github.com/components/jquery.git",
                "reference": "09a1658378bc1f818856086396ebeab7d0ec2276"
            },
            "dist": {
                "type": "zip",
                "url": "https://api.github.com/repos/components/jquery/zipball/09a1658378bc1f818856086396ebeab7d0ec2276",
                "reference": "09a1658378bc1f818856086396ebeab7d0ec2276",
                "shasum": ""
            },
            "type": "component",
            "extra": {
                "component": {
                    "scripts": [
                        "jquery.js"
                    ],
                    "files": [
                        "jquery.min.js",
                        "jquery.min.map"
                    ]
                }
            },
            "notification-url": "https://packagist.org/downloads/",
            "license": [
                "MIT"
            ],
            "authors": [
                {
                    "name": "John Resig",
                    "email": "jeresig@gmail.com"
                }
            ],
            "description": "jQuery JavaScript Library",
            "homepage": "http://jquery.com",
            "time": "2016-09-23 06:06:29"
        },
        {
            "name": "fortawesome/font-awesome",
            "version": "v4.7.0",
            "source": {
                "type": "git",
                "url": "https://github.com/FortAwesome/Font-Awesome.git",
                "reference": "a8386aae19e200ddb0f6845b5feeee5eb7013687"
            },
            "dist": {
                "type": "zip",
                "url": "https://api.github.com/repos/FortAwesome/Font-Awesome/zipball/a8386aae19e200ddb0f6845b5feeee5eb7013687",
                "reference": "a8386aae19e200ddb0f6845b5feeee5eb7013687",
                "shasum": ""
            },
            "require-dev": {
                "jekyll": "1.0.2",
                "lessc": "1.4.2"
            },
            "type": "library",
            "extra": {
                "branch-alias": {
                    "dev-master": "4.6.x-dev"
                }
            },
            "notification-url": "https://packagist.org/downloads/",
            "license": [
                "OFL-1.1",
                "MIT"
            ],
            "authors": [
                {
                    "name": "Dave Gandy",
                    "email": "dave@fontawesome.io",
                    "homepage": "http://twitter.com/davegandy",
                    "role": "Developer"
                }
            ],
            "description": "The iconic font and CSS framework",
            "homepage": "http://fontawesome.io/",
            "keywords": [
                "FontAwesome",
                "awesome",
                "bootstrap",
                "font",
                "icon"
            ],
            "time": "2016-10-24 15:52:54"
        },
        {
            "name": "slim/slim",
            "version": "2.6.2",
            "source": {
                "type": "git",
                "url": "https://github.com/slimphp/Slim.git",
                "reference": "20a02782f76830b67ae56a5c08eb1f563c351a37"
            },
            "dist": {
                "type": "zip",
                "url": "https://api.github.com/repos/slimphp/Slim/zipball/20a02782f76830b67ae56a5c08eb1f563c351a37",
                "reference": "20a02782f76830b67ae56a5c08eb1f563c351a37",
                "shasum": ""
            },
            "require": {
                "php": ">=5.3.0"
            },
            "suggest": {
                "ext-mcrypt": "Required for HTTP cookie encryption"
            },
            "type": "library",
            "autoload": {
                "psr-0": {
                    "Slim": "."
                }
            },
            "notification-url": "https://packagist.org/downloads/",
            "license": [
                "MIT"
            ],
            "authors": [
                {
                    "name": "Josh Lockhart",
                    "email": "info@joshlockhart.com",
                    "homepage": "http://www.joshlockhart.com/"
                }
            ],
            "description": "Slim Framework, a PHP micro framework",
            "homepage": "http://github.com/codeguy/Slim",
            "keywords": [
                "microframework",
                "rest",
                "router"
            ],
            "time": "2015-03-08 18:41:17"
        },
        {
            "name": "twbs/bootstrap",
            "version": "v3.3.7",
            "source": {
                "type": "git",
                "url": "https://github.com/twbs/bootstrap.git",
                "reference": "0b9c4a4007c44201dce9a6cc1a38407005c26c86"
            },
            "dist": {
                "type": "zip",
                "url": "https://api.github.com/repos/twbs/bootstrap/zipball/0b9c4a4007c44201dce9a6cc1a38407005c26c86",
                "reference": "0b9c4a4007c44201dce9a6cc1a38407005c26c86",
                "shasum": ""
            },
            "replace": {
                "twitter/bootstrap": "self.version"
            },
            "type": "library",
            "extra": {
                "branch-alias": {
                    "dev-master": "3.3.x-dev"
                }
            },
            "notification-url": "https://packagist.org/downloads/",
            "license": [
                "MIT"
            ],
            "authors": [
                {
                    "name": "Jacob Thornton",
                    "email": "jacobthornton@gmail.com"
                },
                {
                    "name": "Mark Otto",
                    "email": "markdotto@gmail.com"
                }
            ],
            "description": "The most popular front-end framework for developing responsive, mobile first projects on the web.",
            "homepage": "http://getbootstrap.com",
            "keywords": [
                "JS",
                "css",
                "framework",
                "front-end",
                "less",
                "mobile-first",
                "responsive",
                "web"
            ],
            "time": "2016-07-25 15:51:55"
        }
    ],
    "packages-dev": [],
    "aliases": [],
    "minimum-stability": "stable",
    "stability-flags": [],
    "prefer-stable": false,
    "prefer-lowest": false,
    "platform": [],
    "platform-dev": []
}
